// !$*UTF8*$!
{
	archiveVersion = 1;
	classes = {
	};
	objectVersion = 56;
	objects = {

/* Begin PBXBuildFile section */
		225008BF28FDF8C1003D87F9 /* AppDelegate.swift in Sources */ = {isa = PBXBuildFile; fileRef = 225008BE28FDF8C1003D87F9 /* AppDelegate.swift */; };
		225008C128FDF8C1003D87F9 /* SceneDelegate.swift in Sources */ = {isa = PBXBuildFile; fileRef = 225008C028FDF8C1003D87F9 /* SceneDelegate.swift */; };
		225008C328FDF8C1003D87F9 /* ViewController.swift in Sources */ = {isa = PBXBuildFile; fileRef = 225008C228FDF8C1003D87F9 /* ViewController.swift */; };
		225008C628FDF8C1003D87F9 /* Main.storyboard in Resources */ = {isa = PBXBuildFile; fileRef = 225008C428FDF8C1003D87F9 /* Main.storyboard */; };
		225008C928FDF8C1003D87F9 /* CounterButtons.xcdatamodeld in Sources */ = {isa = PBXBuildFile; fileRef = 225008C728FDF8C1003D87F9 /* CounterButtons.xcdatamodeld */; };
		225008CB28FDF8C3003D87F9 /* Assets.xcassets in Resources */ = {isa = PBXBuildFile; fileRef = 225008CA28FDF8C3003D87F9 /* Assets.xcassets */; };
		225008CE28FDF8C3003D87F9 /* LaunchScreen.storyboard in Resources */ = {isa = PBXBuildFile; fileRef = 225008CC28FDF8C3003D87F9 /* LaunchScreen.storyboard */; };
		225008D728FE0854003D87F9 /* Entity+CoreDataClass.swift in Sources */ = {isa = PBXBuildFile; fileRef = 225008D528FE0854003D87F9 /* Entity+CoreDataClass.swift */; };
		225008D828FE0854003D87F9 /* Entity+CoreDataProperties.swift in Sources */ = {isa = PBXBuildFile; fileRef = 225008D628FE0854003D87F9 /* Entity+CoreDataProperties.swift */; };
/* End PBXBuildFile section */

/* Begin PBXFileReference section */
		225008BB28FDF8C1003D87F9 /* CounterButtons.app */ = {isa = PBXFileReference; explicitFileType = wrapper.application; includeInIndex = 0; path = CounterButtons.app; sourceTree = BUILT_PRODUCTS_DIR; };
		225008BE28FDF8C1003D87F9 /* AppDelegate.swift */ = {isa = PBXFileReference; lastKnownFileType = sourcecode.swift; path = AppDelegate.swift; sourceTree = "<group>"; };
		225008C028FDF8C1003D87F9 /* SceneDelegate.swift */ = {isa = PBXFileReference; lastKnownFileType = sourcecode.swift; path = SceneDelegate.swift; sourceTree = "<group>"; };
		225008C228FDF8C1003D87F9 /* ViewController.swift */ = {isa = PBXFileReference; lastKnownFileType = sourcecode.swift; path = ViewController.swift; sourceTree = "<group>"; };
		225008C528FDF8C1003D87F9 /* Base */ = {isa = PBXFileReference; lastKnownFileType = file.storyboard; name = Base; path = Base.lproj/Main.storyboard; sourceTree = "<group>"; };
		225008C828FDF8C1003D87F9 /* CounterButtons.xcdatamodel */ = {isa = PBXFileReference; lastKnownFileType = wrapper.xcdatamodel; path = CounterButtons.xcdatamodel; sourceTree = "<group>"; };
		225008CA28FDF8C3003D87F9 /* Assets.xcassets */ = {isa = PBXFileReference; lastKnownFileType = folder.assetcatalog; path = Assets.xcassets; sourceTree = "<group>"; };
		225008CD28FDF8C3003D87F9 /* Base */ = {isa = PBXFileReference; lastKnownFileType = file.storyboard; name = Base; path = Base.lproj/LaunchScreen.storyboard; sourceTree = "<group>"; };
		225008CF28FDF8C3003D87F9 /* Info.plist */ = {isa = PBXFileReference; lastKnownFileType = text.plist.xml; path = Info.plist; sourceTree = "<group>"; };
		225008D528FE0854003D87F9 /* Entity+CoreDataClass.swift */ = {isa = PBXFileReference; lastKnownFileType = sourcecode.swift; path = "Entity+CoreDataClass.swift"; sourceTree = "<group>"; };
		225008D628FE0854003D87F9 /* Entity+CoreDataProperties.swift */ = {isa = PBXFileReference; lastKnownFileType = sourcecode.swift; path = "Entity+CoreDataProperties.swift"; sourceTree = "<group>"; };
/* End PBXFileReference section */

/* Begin PBXFrameworksBuildPhase section */
		225008B828FDF8C1003D87F9 /* Frameworks */ = {
			isa = PBXFrameworksBuildPhase;
			buildActionMask = 2147483647;
			files = (
			);
			runOnlyForDeploymentPostprocessing = 0;
		};
/* End PBXFrameworksBuildPhase section */

/* Begin PBXGroup section */
		225008B228FDF8C1003D87F9 = {
			isa = PBXGroup;
			children = (
				225008BD28FDF8C1003D87F9 /* CounterButtons */,
				225008BC28FDF8C1003D87F9 /* Products */,
			);
			sourceTree = "<group>";
		};
		225008BC28FDF8C1003D87F9 /* Products */ = {
			isa = PBXGroup;
			children = (
				225008BB28FDF8C1003D87F9 /* CounterButtons.app */,
			);
			name = Products;
			sourceTree = "<group>";
		};
		225008BD28FDF8C1003D87F9 /* CounterButtons */ = {
			isa = PBXGroup;
			children = (
				225008D928FE0860003D87F9 /* Entity */,
				225008BE28FDF8C1003D87F9 /* AppDelegate.swift */,
				225008C028FDF8C1003D87F9 /* SceneDelegate.swift */,
				225008C228FDF8C1003D87F9 /* ViewController.swift */,
				225008C428FDF8C1003D87F9 /* Main.storyboard */,
				225008CA28FDF8C3003D87F9 /* Assets.xcassets */,
				225008CC28FDF8C3003D87F9 /* LaunchScreen.storyboard */,
				225008CF28FDF8C3003D87F9 /* Info.plist */,
				225008C728FDF8C1003D87F9 /* CounterButtons.xcdatamodeld */,
			);
			path = CounterButtons;
			sourceTree = "<group>";
		};
		225008D928FE0860003D87F9 /* Entity */ = {
			isa = PBXGroup;
			children = (
				225008D528FE0854003D87F9 /* Entity+CoreDataClass.swift */,
				225008D628FE0854003D87F9 /* Entity+CoreDataProperties.swift */,
			);
			path = Entity;
			sourceTree = "<group>";
		};
/* End PBXGroup section */

/* Begin PBXNativeTarget section */
		225008BA28FDF8C1003D87F9 /* CounterButtons */ = {
			isa = PBXNativeTarget;
			buildConfigurationList = 225008D228FDF8C3003D87F9 /* Build configuration list for PBXNativeTarget "CounterButtons" */;
			buildPhases = (
				225008B728FDF8C1003D87F9 /* Sources */,
				225008B828FDF8C1003D87F9 /* Frameworks */,
				225008B928FDF8C1003D87F9 /* Resources */,
			);
			buildRules = (
			);
			dependencies = (
			);
			name = CounterButtons;
			productName = CounterButtons;
			productReference = 225008BB28FDF8C1003D87F9 /* CounterButtons.app */;
			productType = "com.apple.product-type.application";
		};
/* End PBXNativeTarget section */

/* Begin PBXProject section */
		225008B328FDF8C1003D87F9 /* Project object */ = {
			isa = PBXProject;
			attributes = {
				BuildIndependentTargetsInParallel = 1;
				LastSwiftUpdateCheck = 1400;
				LastUpgradeCheck = 1400;
				TargetAttributes = {
					225008BA28FDF8C1003D87F9 = {
						CreatedOnToolsVersion = 14.0.1;
					};
				};
			};
			buildConfigurationList = 225008B628FDF8C1003D87F9 /* Build configuration list for PBXProject "CounterButtons" */;
			compatibilityVersion = "Xcode 14.0";
			developmentRegion = en;
			hasScannedForEncodings = 0;
			knownRegions = (
				en,
				Base,
			);
			mainGroup = 225008B228FDF8C1003D87F9;
			productRefGroup = 225008BC28FDF8C1003D87F9 /* Products */;
			projectDirPath = "";
			projectRoot = "";
			targets = (
				225008BA28FDF8C1003D87F9 /* CounterButtons */,
			);
		};
/* End PBXProject section */

/* Begin PBXResourcesBuildPhase section */
		225008B928FDF8C1003D87F9 /* Resources */ = {
			isa = PBXResourcesBuildPhase;
			buildActionMask = 2147483647;
			files = (
				225008CE28FDF8C3003D87F9 /* LaunchScreen.storyboard in Resources */,
				225008CB28FDF8C3003D87F9 /* Assets.xcassets in Resources */,
				225008C628FDF8C1003D87F9 /* Main.storyboard in Resources */,
			);
			runOnlyForDeploymentPostprocessing = 0;
		};
/* End PBXResourcesBuildPhase section */

/* Begin PBXSourcesBuildPhase section */
		225008B728FDF8C1003D87F9 /* Sources */ = {
			isa = PBXSourcesBuildPhase;
			buildActionMask = 2147483647;
			files = (
				225008D828FE0854003D87F9 /* Entity+CoreDataProperties.swift in Sources */,
				225008C328FDF8C1003D87F9 /* ViewController.swift in Sources */,
				225008BF28FDF8C1003D87F9 /* AppDelegate.swift in Sources */,
				225008C928FDF8C1003D87F9 /* CounterButtons.xcdatamodeld in Sources */,
				225008D728FE0854003D87F9 /* Entity+CoreDataClass.swift in Sources */,
				225008C128FDF8C1003D87F9 /* SceneDelegate.swift in Sources */,
			);
			runOnlyForDeploymentPostprocessing = 0;
		};
/* End PBXSourcesBuildPhase section */

/* Begin PBXVariantGroup section */
		225008C428FDF8C1003D87F9 /* Main.storyboard */ = {
			isa = PBXVariantGroup;
			children = (
				225008C528FDF8C1003D87F9 /* Base */,
			);
			name = Main.storyboard;
			sourceTree = "<group>";
		};
		225008CC28FDF8C3003D87F9 /* LaunchScreen.storyboard */ = {
			isa = PBXVariantGroup;
			children = (
				225008CD28FDF8C3003D87F9 /* Base */,
			);
			name = LaunchScreen.storyboard;
			sourceTree = "<group>";
		};
/* End PBXVariantGroup section */

/* Begin XCBuildConfiguration section */
		225008D028FDF8C3003D87F9 /* Debug */ = {
			isa = XCBuildConfiguration;
			buildSettings = {
				ALWAYS_SEARCH_USER_PATHS = NO;
				CLANG_ANALYZER_NONNULL = YES;
				CLANG_ANALYZER_NUMBER_OBJECT_CONVERSION = YES_AGGRESSIVE;
				CLANG_CXX_LANGUAGE_STANDARD = "gnu++20";
				CLANG_ENABLE_MODULES = YES;
				CLANG_ENABLE_OBJC_ARC = YES;
				CLANG_ENABLE_OBJC_WEAK = YES;
				CLANG_WARN_BLOCK_CAPTURE_AUTORELEASING = YES;
				CLANG_WARN_BOOL_CONVERSION = YES;
				CLANG_WARN_COMMA = YES;
				CLANG_WARN_CONSTANT_CONVERSION = YES;
				CLANG_WARN_DEPRECATED_OBJC_IMPLEMENTATIONS = YES;
				CLANG_WARN_DIRECT_OBJC_ISA_USAGE = YES_ERROR;
				CLANG_WARN_DOCUMENTATION_COMMENTS = YES;
				CLANG_WARN_EMPTY_BODY = YES;
				CLANG_WARN_ENUM_CONVERSION = YES;
				CLANG_WARN_INFINITE_RECURSION = YES;
				CLANG_WARN_INT_CONVERSION = YES;
				CLANG_WARN_NON_LITERAL_NULL_CONVERSION = YES;
				CLANG_WARN_OBJC_IMPLICIT_RETAIN_SELF = YES;
				CLANG_WARN_OBJC_LITERAL_CONVERSION = YES;
				CLANG_WARN_OBJC_ROOT_CLASS = YES_ERROR;
				CLANG_WARN_QUOTED_INCLUDE_IN_FRAMEWORK_HEADER = YES;
				CLANG_WARN_RANGE_LOOP_ANALYSIS = YES;
				CLANG_WARN_STRICT_PROTOTYPES = YES;
				CLANG_WARN_SUSPICIOUS_MOVE = YES;
				CLANG_WARN_UNGUARDED_AVAILABILITY = YES_AGGRESSIVE;
				CLANG_WARN_UNREACHABLE_CODE = YES;
				CLANG_WARN__DUPLICATE_METHOD_MATCH = YES;
				COPY_PHASE_STRIP = NO;
				DEBUG_INFORMATION_FORMAT = dwarf;
				ENABLE_STRICT_OBJC_MSGSEND = YES;
				ENABLE_TESTABILITY = YES;
				GCC_C_LANGUAGE_STANDARD = gnu11;
				GCC_DYNAMIC_NO_PIC = NO;
				GCC_NO_COMMON_BLOCKS = YES;
				GCC_OPTIMIZATION_LEVEL = 0;
				GCC_PREPROCESSOR_DEFINITIONS = (
					"DEBUG=1",
					"$(inherited)",
				);
				GCC_WARN_64_TO_32_BIT_CONVERSION = YES;
				GCC_WARN_ABOUT_RETURN_TYPE = YES_ERROR;
				GCC_WARN_UNDECLARED_SELECTOR = YES;
				GCC_WARN_UNINITIALIZED_AUTOS = YES_AGGRESSIVE;
				GCC_WARN_UNUSED_FUNCTION = YES;
				GCC_WARN_UNUSED_VARIABLE = YES;
				IPHONEOS_DEPLOYMENT_TARGET = 15.0;
				MTL_ENABLE_DEBUG_INFO = INCLUDE_SOURCE;
				MTL_FAST_MATH = YES;
				ONLY_ACTIVE_ARCH = YES;
				SDKROOT = iphoneos;
				SWIFT_ACTIVE_COMPILATION_CONDITIONS = DEBUG;
				SWIFT_OPTIMIZATION_LEVEL = "-Onone";
			};
			name = Debug;
		};
		225008D128FDF8C3003D87F9 /* Release */ = {
			isa = XCBuildConfiguration;
			buildSettings = {
				ALWAYS_SEARCH_USER_PATHS = NO;
				CLANG_ANALYZER_NONNULL = YES;
				CLANG_ANALYZER_NUMBER_OBJECT_CONVERSION = YES_AGGRESSIVE;
				CLANG_CXX_LANGUAGE_STANDARD = "gnu++20";
				CLANG_ENABLE_MODULES = YES;
				CLANG_ENABLE_OBJC_ARC = YES;
				CLANG_ENABLE_OBJC_WEAK = YES;
				CLANG_WARN_BLOCK_CAPTURE_AUTORELEASING = YES;
				CLANG_WARN_BOOL_CONVERSION = YES;
				CLANG_WARN_COMMA = YES;
				CLANG_WARN_CONSTANT_CONVERSION = YES;
				CLANG_WARN_DEPRECATED_OBJC_IMPLEMENTATIONS = YES;
				CLANG_WARN_DIRECT_OBJC_ISA_USAGE = YES_ERROR;
				CLANG_WARN_DOCUMENTATION_COMMENTS = YES;
				CLANG_WARN_EMPTY_BODY = YES;
				CLANG_WARN_ENUM_CONVERSION = YES;
				CLANG_WARN_INFINITE_RECURSION = YES;
				CLANG_WARN_INT_CONVERSION = YES;
				CLANG_WARN_NON_LITERAL_NULL_CONVERSION = YES;
				CLANG_WARN_OBJC_IMPLICIT_RETAIN_SELF = YES;
				CLANG_WARN_OBJC_LITERAL_CONVERSION = YES;
				CLANG_WARN_OBJC_ROOT_CLASS = YES_ERROR;
				CLANG_WARN_QUOTED_INCLUDE_IN_FRAMEWORK_HEADER = YES;
				CLANG_WARN_RANGE_LOOP_ANALYSIS = YES;
				CLANG_WARN_STRICT_PROTOTYPES = YES;
				CLANG_WARN_SUSPICIOUS_MOVE = YES;
				CLANG_WARN_UNGUARDED_AVAILABILITY = YES_AGGRESSIVE;
				CLANG_WARN_UNREACHABLE_CODE = YES;
				CLANG_WARN__DUPLICATE_METHOD_MATCH = YES;
				COPY_PHASE_STRIP = NO;
				DEBUG_INFORMATION_FORMAT = "dwarf-with-dsym";
				ENABLE_NS_ASSERTIONS = NO;
				ENABLE_STRICT_OBJC_MSGSEND = YES;
				GCC_C_LANGUAGE_STANDARD = gnu11;
				GCC_NO_COMMON_BLOCKS = YES;
				GCC_WARN_64_TO_32_BIT_CONVERSION = YES;
				GCC_WARN_ABOUT_RETURN_TYPE = YES_ERROR;
				GCC_WARN_UNDECLARED_SELECTOR = YES;
				GCC_WARN_UNINITIALIZED_AUTOS = YES_AGGRESSIVE;
				GCC_WARN_UNUSED_FUNCTION = YES;
				GCC_WARN_UNUSED_VARIABLE = YES;
				IPHONEOS_DEPLOYMENT_TARGET = 15.0;
				MTL_ENABLE_DEBUG_INFO = NO;
				MTL_FAST_MATH = YES;
				SDKROOT = iphoneos;
				SWIFT_COMPILATION_MODE = wholemodule;
				SWIFT_OPTIMIZATION_LEVEL = "-O";
				VALIDATE_PRODUCT = YES;
			};
			name = Release;
		};
		225008D328FDF8C3003D87F9 /* Debug */ = {
			isa = XCBuildConfiguration;
			buildSettings = {
				ASSETCATALOG_COMPILER_APPICON_NAME = AppIcon;
				ASSETCATALOG_COMPILER_GLOBAL_ACCENT_COLOR_NAME = AccentColor;
				CODE_SIGN_STYLE = Automatic;
				CURRENT_PROJECT_VERSION = 1;
				GENERATE_INFOPLIST_FILE = YES;
				INFOPLIST_FILE = CounterButtons/Info.plist;
				INFOPLIST_KEY_UIApplicationSupportsIndirectInputEvents = YES;
				INFOPLIST_KEY_UILaunchStoryboardName = LaunchScreen;
				INFOPLIST_KEY_UIMainStoryboardFile = Main;
				INFOPLIST_KEY_UISupportedInterfaceOrientations_iPad = "UIInterfaceOrientationPortrait UIInterfaceOrientationPortraitUpsideDown UIInterfaceOrientationLandscapeLeft UIInterfaceOrientationLandscapeRight";
				INFOPLIST_KEY_UISupportedInterfaceOrientations_iPhone = "UIInterfaceOrientationPortrait UIInterfaceOrientationLandscapeLeft UIInterfaceOrientationLandscapeRight";
				LD_RUNPATH_SEARCH_PATHS = (
					"$(inherited)",
					"@executable_path/Frameworks",
				);
				MARKETING_VERSION = 1.0;
				PRODUCT_BUNDLE_IDENTIFIER = cl.mobdev.CounterButtons;
				PRODUCT_NAME = "$(TARGET_NAME)";
				SWIFT_EMIT_LOC_STRINGS = YES;
				SWIFT_VERSION = 5.0;
				TARGETED_DEVICE_FAMILY = "1,2";
			};
			name = Debug;
		};
		225008D428FDF8C3003D87F9 /* Release */ = {
			isa = XCBuildConfiguration;
			buildSettings = {
				ASSETCATALOG_COMPILER_APPICON_NAME = AppIcon;
				ASSETCATALOG_COMPILER_GLOBAL_ACCENT_COLOR_NAME = AccentColor;
				CODE_SIGN_STYLE = Automatic;
				CURRENT_PROJECT_VERSION = 1;
				GENERATE_INFOPLIST_FILE = YES;
				INFOPLIST_FILE = CounterButtons/Info.plist;
				INFOPLIST_KEY_UIApplicationSupportsIndirectInputEvents = YES;
				INFOPLIST_KEY_UILaunchStoryboardName = LaunchScreen;
				INFOPLIST_KEY_UIMainStoryboardFile = Main;
				INFOPLIST_KEY_UISupportedInterfaceOrientations_iPad = "UIInterfaceOrientationPortrait UIInterfaceOrientationPortraitUpsideDown UIInterfaceOrientationLandscapeLeft UIInterfaceOrientationLandscapeRight";
				INFOPLIST_KEY_UISupportedInterfaceOrientations_iPhone = "UIInterfaceOrientationPortrait UIInterfaceOrientationLandscapeLeft UIInterfaceOrientationLandscapeRight";
				LD_RUNPATH_SEARCH_PATHS = (
					"$(inherited)",
					"@executable_path/Frameworks",
				);
				MARKETING_VERSION = 1.0;
				PRODUCT_BUNDLE_IDENTIFIER = cl.mobdev.CounterButtons;
				PRODUCT_NAME = "$(TARGET_NAME)";
				SWIFT_EMIT_LOC_STRINGS = YES;
				SWIFT_VERSION = 5.0;
				TARGETED_DEVICE_FAMILY = "1,2";
			};
			name = Release;
		};
/* End XCBuildConfiguration section */

/* Begin XCConfigurationList section */
		225008B628FDF8C1003D87F9 /* Build configuration list for PBXProject "CounterButtons" */ = {
			isa = XCConfigurationList;
			buildConfigurations = (
				225008D028FDF8C3003D87F9 /* Debug */,
				225008D128FDF8C3003D87F9 /* Release */,
			);
			defaultConfigurationIsVisible = 0;
			defaultConfigurationName = Release;
		};
		225008D228FDF8C3003D87F9 /* Build configuration list for PBXNativeTarget "CounterButtons" */ = {
			isa = XCConfigurationList;
			buildConfigurations = (
				225008D328FDF8C3003D87F9 /* Debug */,
				225008D428FDF8C3003D87F9 /* Release */,
			);
			defaultConfigurationIsVisible = 0;
			defaultConfigurationName = Release;
		};
/* End XCConfigurationList section */

/* Begin XCVersionGroup section */
		225008C728FDF8C1003D87F9 /* CounterButtons.xcdatamodeld */ = {
			isa = XCVersionGroup;
			children = (
				225008C828FDF8C1003D87F9 /* CounterButtons.xcdatamodel */,
			);
			currentVersion = 225008C828FDF8C1003D87F9 /* CounterButtons.xcdatamodel */;
			path = CounterButtons.xcdatamodeld;
			sourceTree = "<group>";
			versionGroupType = wrapper.xcdatamodel;
		};
/* End XCVersionGroup section */
	};
	rootObject = 225008B328FDF8C1003D87F9 /* Project object */;
}
